
Microsoft Visual Studio Solution File, Format Version 12.00
# Visual Studio 15
VisualStudioVersion = 15.0.28307.1082
MinimumVisualStudioVersion = 10.0.40219.1
Project("{FAE04EC0-301F-11D3-BF4B-00C04F79EFBC}") = "Introduction", "Introduction\Introduction.csproj", "{3E46EA9C-2935-4EB4-ABFF-AAE8AFF61006}"
EndProject
Global
	GlobalSection(SolutionConfigurationPlatforms) = preSolution
		Debug|Any CPU = Debug|Any CPU
		Release|Any CPU = Release|Any CPU
	EndGlobalSection
	GlobalSection(ProjectConfigurationPlatforms) = postSolution
		{3E46EA9C-2935-4EB4-ABFF-AAE8AFF61006}.Debug|Any CPU.ActiveCfg = Debug|Any CPU
		{3E46EA9C-2935-4EB4-ABFF-AAE8AFF61006}.Debug|Any CPU.Build.0 = Debug|Any CPU
		{3E46EA9C-2935-4EB4-ABFF-AAE8AFF61006}.Release|Any CPU.ActiveCfg = Release|Any CPU
		{3E46EA9C-2935-4EB4-ABFF-AAE8AFF61006}.Release|Any CPU.Build.0 = Release|Any CPU
	EndGlobalSection
	GlobalSection(SolutionProperties) = preSolution
		HideSolutionNode = FALSE
	EndGlobalSection
	GlobalSection(ExtensibilityGlobals) = postSolution
		SolutionGuid = {4C4EBF65-C412-4BAA-B3AC-2E1B6FF6719F}
	EndGlobalSection
EndGlobal
