
Microsoft Visual Studio Solution File, Format Version 12.00
# Visual Studio 15
VisualStudioVersion = 15.0.28307.1062
MinimumVisualStudioVersion = 10.0.40219.1
Project("{8BC9CEB8-8B4A-11D0-8D11-00A0C91BC942}") = "WinAPI", "WinAPI\WinAPI.vcxproj", "{5A1335F0-10A7-4370-B6A3-9501707EA531}"
EndProject
Project("{8BC9CEB8-8B4A-11D0-8D11-00A0C91BC942}") = "DialogBox", "DialogBox\DialogBox.vcxproj", "{D309BA38-61E4-41BF-B4B2-77465519B5BB}"
EndProject
Project("{8BC9CEB8-8B4A-11D0-8D11-00A0C91BC942}") = "TextFields", "TextFields\TextFields.vcxproj", "{3804C4B6-867B-47AC-90FB-D6A62F804354}"
EndProject
Project("{8BC9CEB8-8B4A-11D0-8D11-00A0C91BC942}") = "ComboBox", "ComboBox\ComboBox.vcxproj", "{AF7FD936-CA1D-4938-BB4F-F5D336018AB3}"
EndProject
Project("{8BC9CEB8-8B4A-11D0-8D11-00A0C91BC942}") = "ListBox", "ListBox\ListBox.vcxproj", "{F2D700A7-6189-4BEF-92BA-43921F9026D7}"
EndProject
Project("{8BC9CEB8-8B4A-11D0-8D11-00A0C91BC942}") = "SimpleWindow", "SimpleWindow\SimpleWindow.vcxproj", "{17E4B717-B512-4964-9B7A-CCC2CBA6B3B0}"
EndProject
Project("{8BC9CEB8-8B4A-11D0-8D11-00A0C91BC942}") = "Calc", "Calc\Calc.vcxproj", "{0F2BD945-CDF9-4368-A416-4D74E009F2DA}"
EndProject
Global
	GlobalSection(SolutionConfigurationPlatforms) = preSolution
		Debug|x64 = Debug|x64
		Debug|x86 = Debug|x86
		Release|x64 = Release|x64
		Release|x86 = Release|x86
	EndGlobalSection
	GlobalSection(ProjectConfigurationPlatforms) = postSolution
		{5A1335F0-10A7-4370-B6A3-9501707EA531}.Debug|x64.ActiveCfg = Debug|x64
		{5A1335F0-10A7-4370-B6A3-9501707EA531}.Debug|x64.Build.0 = Debug|x64
		{5A1335F0-10A7-4370-B6A3-9501707EA531}.Debug|x86.ActiveCfg = Debug|Win32
		{5A1335F0-10A7-4370-B6A3-9501707EA531}.Debug|x86.Build.0 = Debug|Win32
		{5A1335F0-10A7-4370-B6A3-9501707EA531}.Release|x64.ActiveCfg = Release|x64
		{5A1335F0-10A7-4370-B6A3-9501707EA531}.Release|x64.Build.0 = Release|x64
		{5A1335F0-10A7-4370-B6A3-9501707EA531}.Release|x86.ActiveCfg = Release|Win32
		{5A1335F0-10A7-4370-B6A3-9501707EA531}.Release|x86.Build.0 = Release|Win32
		{D309BA38-61E4-41BF-B4B2-77465519B5BB}.Debug|x64.ActiveCfg = Debug|x64
		{D309BA38-61E4-41BF-B4B2-77465519B5BB}.Debug|x64.Build.0 = Debug|x64
		{D309BA38-61E4-41BF-B4B2-77465519B5BB}.Debug|x86.ActiveCfg = Debug|Win32
		{D309BA38-61E4-41BF-B4B2-77465519B5BB}.Debug|x86.Build.0 = Debug|Win32
		{D309BA38-61E4-41BF-B4B2-77465519B5BB}.Release|x64.ActiveCfg = Release|x64
		{D309BA38-61E4-41BF-B4B2-77465519B5BB}.Release|x64.Build.0 = Release|x64
		{D309BA38-61E4-41BF-B4B2-77465519B5BB}.Release|x86.ActiveCfg = Release|Win32
		{D309BA38-61E4-41BF-B4B2-77465519B5BB}.Release|x86.Build.0 = Release|Win32
		{3804C4B6-867B-47AC-90FB-D6A62F804354}.Debug|x64.ActiveCfg = Debug|x64
		{3804C4B6-867B-47AC-90FB-D6A62F804354}.Debug|x64.Build.0 = Debug|x64
		{3804C4B6-867B-47AC-90FB-D6A62F804354}.Debug|x86.ActiveCfg = Debug|Win32
		{3804C4B6-867B-47AC-90FB-D6A62F804354}.Debug|x86.Build.0 = Debug|Win32
		{3804C4B6-867B-47AC-90FB-D6A62F804354}.Release|x64.ActiveCfg = Release|x64
		{3804C4B6-867B-47AC-90FB-D6A62F804354}.Release|x64.Build.0 = Release|x64
		{3804C4B6-867B-47AC-90FB-D6A62F804354}.Release|x86.ActiveCfg = Release|Win32
		{3804C4B6-867B-47AC-90FB-D6A62F804354}.Release|x86.Build.0 = Release|Win32
		{AF7FD936-CA1D-4938-BB4F-F5D336018AB3}.Debug|x64.ActiveCfg = Debug|x64
		{AF7FD936-CA1D-4938-BB4F-F5D336018AB3}.Debug|x64.Build.0 = Debug|x64
		{AF7FD936-CA1D-4938-BB4F-F5D336018AB3}.Debug|x86.ActiveCfg = Debug|Win32
		{AF7FD936-CA1D-4938-BB4F-F5D336018AB3}.Debug|x86.Build.0 = Debug|Win32
		{AF7FD936-CA1D-4938-BB4F-F5D336018AB3}.Release|x64.ActiveCfg = Release|x64
		{AF7FD936-CA1D-4938-BB4F-F5D336018AB3}.Release|x64.Build.0 = Release|x64
		{AF7FD936-CA1D-4938-BB4F-F5D336018AB3}.Release|x86.ActiveCfg = Release|Win32
		{AF7FD936-CA1D-4938-BB4F-F5D336018AB3}.Release|x86.Build.0 = Release|Win32
		{F2D700A7-6189-4BEF-92BA-43921F9026D7}.Debug|x64.ActiveCfg = Debug|x64
		{F2D700A7-6189-4BEF-92BA-43921F9026D7}.Debug|x64.Build.0 = Debug|x64
		{F2D700A7-6189-4BEF-92BA-43921F9026D7}.Debug|x86.ActiveCfg = Debug|Win32
		{F2D700A7-6189-4BEF-92BA-43921F9026D7}.Debug|x86.Build.0 = Debug|Win32
		{F2D700A7-6189-4BEF-92BA-43921F9026D7}.Release|x64.ActiveCfg = Release|x64
		{F2D700A7-6189-4BEF-92BA-43921F9026D7}.Release|x64.Build.0 = Release|x64
		{F2D700A7-6189-4BEF-92BA-43921F9026D7}.Release|x86.ActiveCfg = Release|Win32
		{F2D700A7-6189-4BEF-92BA-43921F9026D7}.Release|x86.Build.0 = Release|Win32
		{17E4B717-B512-4964-9B7A-CCC2CBA6B3B0}.Debug|x64.ActiveCfg = Debug|x64
		{17E4B717-B512-4964-9B7A-CCC2CBA6B3B0}.Debug|x64.Build.0 = Debug|x64
		{17E4B717-B512-4964-9B7A-CCC2CBA6B3B0}.Debug|x86.ActiveCfg = Debug|Win32
		{17E4B717-B512-4964-9B7A-CCC2CBA6B3B0}.Debug|x86.Build.0 = Debug|Win32
		{17E4B717-B512-4964-9B7A-CCC2CBA6B3B0}.Release|x64.ActiveCfg = Release|x64
		{17E4B717-B512-4964-9B7A-CCC2CBA6B3B0}.Release|x64.Build.0 = Release|x64
		{17E4B717-B512-4964-9B7A-CCC2CBA6B3B0}.Release|x86.ActiveCfg = Release|Win32
		{17E4B717-B512-4964-9B7A-CCC2CBA6B3B0}.Release|x86.Build.0 = Release|Win32
		{0F2BD945-CDF9-4368-A416-4D74E009F2DA}.Debug|x64.ActiveCfg = Debug|x64
		{0F2BD945-CDF9-4368-A416-4D74E009F2DA}.Debug|x64.Build.0 = Debug|x64
		{0F2BD945-CDF9-4368-A416-4D74E009F2DA}.Debug|x86.ActiveCfg = Debug|Win32
		{0F2BD945-CDF9-4368-A416-4D74E009F2DA}.Debug|x86.Build.0 = Debug|Win32
		{0F2BD945-CDF9-4368-A416-4D74E009F2DA}.Release|x64.ActiveCfg = Release|x64
		{0F2BD945-CDF9-4368-A416-4D74E009F2DA}.Release|x64.Build.0 = Release|x64
		{0F2BD945-CDF9-4368-A416-4D74E009F2DA}.Release|x86.ActiveCfg = Release|Win32
		{0F2BD945-CDF9-4368-A416-4D74E009F2DA}.Release|x86.Build.0 = Release|Win32
	EndGlobalSection
	GlobalSection(SolutionProperties) = preSolution
		HideSolutionNode = FALSE
	EndGlobalSection
	GlobalSection(ExtensibilityGlobals) = postSolution
		SolutionGuid = {D1130073-7914-446F-AABD-200299EF9431}
	EndGlobalSection
EndGlobal
